
Microsoft Visual Studio Solution File, Format Version 11.00
# Visual Studio 2010
Project("{8BC9CEB8-8B4A-11D0-8D11-00A0C91BC942}") = "TestGame", "TestGame.vcxproj", "{6B0C37AD-1D80-438A-A7E6-C361286842E2}"
EndProject
Global
	GlobalSection(SolutionConfigurationPlatforms) = preSolution
		Debug|Win32 = Debug|Win32
		Release|Win32 = Release|Win32
	EndGlobalSection
	GlobalSection(ProjectConfigurationPlatforms) = postSolution
		{6B0C37AD-1D80-438A-A7E6-C361286842E2}.Debug|Win32.ActiveCfg = Debug|Win32
		{6B0C37AD-1D80-438A-A7E6-C361286842E2}.Debug|Win32.Build.0 = Debug|Win32
		{6B0C37AD-1D80-438A-A7E6-C361286842E2}.Release|Win32.ActiveCfg = Release|Win32
		{6B0C37AD-1D80-438A-A7E6-C361286842E2}.Release|Win32.Build.0 = Release|Win32
	EndGlobalSection
	GlobalSection(SolutionProperties) = preSolution
		HideSolutionNode = FALSE
	EndGlobalSection
EndGlobal
